
Microsoft Visual Studio Solution File, Format Version 12.00
# Visual Studio Version 16
VisualStudioVersion = 16.0.30503.244
MinimumVisualStudioVersion = 10.0.40219.1
Project("{8BC9CEB8-8B4A-11D0-8D11-00A0C91BC942}") = "3", "3\3.vcxproj", "{B85582BE-FB33-49C4-94CA-5383C7367779}"
EndProject
Global
	GlobalSection(SolutionConfigurationPlatforms) = preSolution
		Debug|x64 = Debug|x64
		Debug|x86 = Debug|x86
		Release|x64 = Release|x64
		Release|x86 = Release|x86
	EndGlobalSection
	GlobalSection(ProjectConfigurationPlatforms) = postSolution
		{B85582BE-FB33-49C4-94CA-5383C7367779}.Debug|x64.ActiveCfg = Debug|x64
		{B85582BE-FB33-49C4-94CA-5383C7367779}.Debug|x64.Build.0 = Debug|x64
		{B85582BE-FB33-49C4-94CA-5383C7367779}.Debug|x86.ActiveCfg = Debug|Win32
		{B85582BE-FB33-49C4-94CA-5383C7367779}.Debug|x86.Build.0 = Debug|Win32
		{B85582BE-FB33-49C4-94CA-5383C7367779}.Release|x64.ActiveCfg = Release|x64
		{B85582BE-FB33-49C4-94CA-5383C7367779}.Release|x64.Build.0 = Release|x64
		{B85582BE-FB33-49C4-94CA-5383C7367779}.Release|x86.ActiveCfg = Release|Win32
		{B85582BE-FB33-49C4-94CA-5383C7367779}.Release|x86.Build.0 = Release|Win32
	EndGlobalSection
	GlobalSection(SolutionProperties) = preSolution
		HideSolutionNode = FALSE
	EndGlobalSection
	GlobalSection(ExtensibilityGlobals) = postSolution
		SolutionGuid = {CB9DC81F-B16F-494F-A564-1771CACC52EE}
	EndGlobalSection
EndGlobal
